
Microsoft Visual Studio Solution File, Format Version 12.00
# Visual Studio Version 17
VisualStudioVersion = 17.11.35219.272
MinimumVisualStudioVersion = 10.0.40219.1
Project("{FAE04EC0-301F-11D3-BF4B-00C04F79EFBC}") = "ShopWebApplication", "ShopWebApplication\ShopWebApplication.csproj", "{946E91B5-C632-4D34-9348-8EC95AD868E5}"
EndProject
Project("{9A19103F-16F7-4668-BE54-9A1E7A4F7556}") = "Core", "Core\Core.csproj", "{43CAC612-AD29-4218-8A74-95CE501342BC}"
EndProject
Project("{9A19103F-16F7-4668-BE54-9A1E7A4F7556}") = "Data", "Data\Data.csproj", "{B8BC617A-8B4A-45DA-B27C-4272C82772F8}"
EndProject
Global
	GlobalSection(SolutionConfigurationPlatforms) = preSolution
		Debug|Any CPU = Debug|Any CPU
		Release|Any CPU = Release|Any CPU
	EndGlobalSection
	GlobalSection(ProjectConfigurationPlatforms) = postSolution
		{946E91B5-C632-4D34-9348-8EC95AD868E5}.Debug|Any CPU.ActiveCfg = Debug|Any CPU
		{946E91B5-C632-4D34-9348-8EC95AD868E5}.Debug|Any CPU.Build.0 = Debug|Any CPU
		{946E91B5-C632-4D34-9348-8EC95AD868E5}.Release|Any CPU.ActiveCfg = Release|Any CPU
		{946E91B5-C632-4D34-9348-8EC95AD868E5}.Release|Any CPU.Build.0 = Release|Any CPU
		{43CAC612-AD29-4218-8A74-95CE501342BC}.Debug|Any CPU.ActiveCfg = Debug|Any CPU
		{43CAC612-AD29-4218-8A74-95CE501342BC}.Debug|Any CPU.Build.0 = Debug|Any CPU
		{43CAC612-AD29-4218-8A74-95CE501342BC}.Release|Any CPU.ActiveCfg = Release|Any CPU
		{43CAC612-AD29-4218-8A74-95CE501342BC}.Release|Any CPU.Build.0 = Release|Any CPU
		{B8BC617A-8B4A-45DA-B27C-4272C82772F8}.Debug|Any CPU.ActiveCfg = Debug|Any CPU
		{B8BC617A-8B4A-45DA-B27C-4272C82772F8}.Debug|Any CPU.Build.0 = Debug|Any CPU
		{B8BC617A-8B4A-45DA-B27C-4272C82772F8}.Release|Any CPU.ActiveCfg = Release|Any CPU
		{B8BC617A-8B4A-45DA-B27C-4272C82772F8}.Release|Any CPU.Build.0 = Release|Any CPU
	EndGlobalSection
	GlobalSection(SolutionProperties) = preSolution
		HideSolutionNode = FALSE
	EndGlobalSection
	GlobalSection(ExtensibilityGlobals) = postSolution
		SolutionGuid = {0BCA6771-5C80-414B-9476-D4D34CA6520A}
	EndGlobalSection
EndGlobal
